// !$*UTF8*$!
{
	archiveVersion = 1;
	classes = {
	};
	objectVersion = 46;
	objects = {

/* Begin PBXBuildFile section */
		45BDDB411DFFD10000BA69FD /* AppDelegate.swift in Sources */ = {isa = PBXBuildFile; fileRef = 45BDDB401DFFD10000BA69FD /* AppDelegate.swift */; };
		45BDDB431DFFD10000BA69FD /* ViewController.swift in Sources */ = {isa = PBXBuildFile; fileRef = 45BDDB421DFFD10000BA69FD /* ViewController.swift */; };
		45BDDB461DFFD10000BA69FD /* Main.storyboard in Resources */ = {isa = PBXBuildFile; fileRef = 45BDDB441DFFD10000BA69FD /* Main.storyboard */; };
		45BDDB481DFFD10100BA69FD /* Assets.xcassets in Resources */ = {isa = PBXBuildFile; fileRef = 45BDDB471DFFD10100BA69FD /* Assets.xcassets */; };
		45BDDB4B1DFFD10100BA69FD /* LaunchScreen.storyboard in Resources */ = {isa = PBXBuildFile; fileRef = 45BDDB491DFFD10100BA69FD /* LaunchScreen.storyboard */; };
/* End PBXBuildFile section */

/* Begin PBXFileReference section */
		45BDDB3D1DFFD0FF00BA69FD /* URLHomework.app */ = {isa = PBXFileReference; explicitFileType = wrapper.application; includeInIndex = 0; path = URLHomework.app; sourceTree = BUILT_PRODUCTS_DIR; };
		45BDDB401DFFD10000BA69FD /* AppDelegate.swift */ = {isa = PBXFileReference; lastKnownFileType = sourcecode.swift; path = AppDelegate.swift; sourceTree = "<group>"; };
		45BDDB421DFFD10000BA69FD /* ViewController.swift */ = {isa = PBXFileReference; lastKnownFileType = sourcecode.swift; path = ViewController.swift; sourceTree = "<group>"; };
		45BDDB451DFFD10000BA69FD /* Base */ = {isa = PBXFileReference; lastKnownFileType = file.storyboard; name = Base; path = Base.lproj/Main.storyboard; sourceTree = "<group>"; };
		45BDDB471DFFD10100BA69FD /* Assets.xcassets */ = {isa = PBXFileReference; lastKnownFileType = folder.assetcatalog; path = Assets.xcassets; sourceTree = "<group>"; };
		45BDDB4A1DFFD10100BA69FD /* Base */ = {isa = PBXFileReference; lastKnownFileType = file.storyboard; name = Base; path = Base.lproj/LaunchScreen.storyboard; sourceTree = "<group>"; };
		45BDDB4C1DFFD10100BA69FD /* Info.plist */ = {isa = PBXFileReference; lastKnownFileType = text.plist.xml; path = Info.plist; sourceTree = "<group>"; };
/* End PBXFileReference section */

/* Begin PBXFrameworksBuildPhase section */
		45BDDB3A1DFFD0FF00BA69FD /* Frameworks */ = {
			isa = PBXFrameworksBuildPhase;
			buildActionMask = 2147483647;
			files = (
			);
			runOnlyForDeploymentPostprocessing = 0;
		};
/* End PBXFrameworksBuildPhase section */

/* Begin PBXGroup section */
		45BDDB341DFFD0FE00BA69FD = {
			isa = PBXGroup;
			children = (
				45BDDB3F1DFFD10000BA69FD /* URLHomework */,
				45BDDB3E1DFFD0FF00BA69FD /* Products */,
			);
			sourceTree = "<group>";
		};
		45BDDB3E1DFFD0FF00BA69FD /* Products */ = {
			isa = PBXGroup;
			children = (
				45BDDB3D1DFFD0FF00BA69FD /* URLHomework.app */,
			);
			name = Products;
			sourceTree = "<group>";
		};
		45BDDB3F1DFFD10000BA69FD /* URLHomework */ = {
			isa = PBXGroup;
			children = (
				45BDDB401DFFD10000BA69FD /* AppDelegate.swift */,
				45BDDB421DFFD10000BA69FD /* ViewController.swift */,
				45BDDB441DFFD10000BA69FD /* Main.storyboard */,
				45BDDB471DFFD10100BA69FD /* Assets.xcassets */,
				45BDDB491DFFD10100BA69FD /* LaunchScreen.storyboard */,
				45BDDB4C1DFFD10100BA69FD /* Info.plist */,
			);
			path = URLHomework;
			sourceTree = "<group>";
		};
/* End PBXGroup section */

/* Begin PBXNativeTarget section */
		45BDDB3C1DFFD0FF00BA69FD /* URLHomework */ = {
			isa = PBXNativeTarget;
			buildConfigurationList = 45BDDB4F1DFFD10100BA69FD /* Build configuration list for PBXNativeTarget "URLHomework" */;
			buildPhases = (
				45BDDB391DFFD0FF00BA69FD /* Sources */,
				45BDDB3A1DFFD0FF00BA69FD /* Frameworks */,
				45BDDB3B1DFFD0FF00BA69FD /* Resources */,
			);
			buildRules = (
			);
			dependencies = (
			);
			name = URLHomework;
			productName = URLHomework;
			productReference = 45BDDB3D1DFFD0FF00BA69FD /* URLHomework.app */;
			productType = "com.apple.product-type.application";
		};
/* End PBXNativeTarget section */

/* Begin PBXProject section */
		45BDDB351DFFD0FF00BA69FD /* Project object */ = {
			isa = PBXProject;
			attributes = {
				LastSwiftUpdateCheck = 0810;
				LastUpgradeCheck = 0810;
				ORGANIZATIONNAME = "Chamroeun Chun";
				TargetAttributes = {
					45BDDB3C1DFFD0FF00BA69FD = {
						CreatedOnToolsVersion = 8.1;
						ProvisioningStyle = Automatic;
					};
				};
			};
			buildConfigurationList = 45BDDB381DFFD0FF00BA69FD /* Build configuration list for PBXProject "URLHomework" */;
			compatibilityVersion = "Xcode 3.2";
			developmentRegion = English;
			hasScannedForEncodings = 0;
			knownRegions = (
				en,
				Base,
			);
			mainGroup = 45BDDB341DFFD0FE00BA69FD;
			productRefGroup = 45BDDB3E1DFFD0FF00BA69FD /* Products */;
			projectDirPath = "";
			projectRoot = "";
			targets = (
				45BDDB3C1DFFD0FF00BA69FD /* URLHomework */,
			);
		};
/* End PBXProject section */

/* Begin PBXResourcesBuildPhase section */
		45BDDB3B1DFFD0FF00BA69FD /* Resources */ = {
			isa = PBXResourcesBuildPhase;
			buildActionMask = 2147483647;
			files = (
				45BDDB4B1DFFD10100BA69FD /* LaunchScreen.storyboard in Resources */,
				45BDDB481DFFD10100BA69FD /* Assets.xcassets in Resources */,
				45BDDB461DFFD10000BA69FD /* Main.storyboard in Resources */,
			);
			runOnlyForDeploymentPostprocessing = 0;
		};
/* End PBXResourcesBuildPhase section */

/* Begin PBXSourcesBuildPhase section */
		45BDDB391DFFD0FF00BA69FD /* Sources */ = {
			isa = PBXSourcesBuildPhase;
			buildActionMask = 2147483647;
			files = (
				45BDDB431DFFD10000BA69FD /* ViewController.swift in Sources */,
				45BDDB411DFFD10000BA69FD /* AppDelegate.swift in Sources */,
			);
			runOnlyForDeploymentPostprocessing = 0;
		};
/* End PBXSourcesBuildPhase section */

/* Begin PBXVariantGroup section */
		45BDDB441DFFD10000BA69FD /* Main.storyboard */ = {
			isa = PBXVariantGroup;
			children = (
				45BDDB451DFFD10000BA69FD /* Base */,
			);
			name = Main.storyboard;
			sourceTree = "<group>";
		};
		45BDDB491DFFD10100BA69FD /* LaunchScreen.storyboard */ = {
			isa = PBXVariantGroup;
			children = (
				45BDDB4A1DFFD10100BA69FD /* Base */,
			);
			name = LaunchScreen.storyboard;
			sourceTree = "<group>";
		};
/* End PBXVariantGroup section */

/* Begin XCBuildConfiguration section */
		45BDDB4D1DFFD10100BA69FD /* Debug */ = {
			isa = XCBuildConfiguration;
			buildSettings = {
				ALWAYS_SEARCH_USER_PATHS = NO;
				CLANG_ANALYZER_NONNULL = YES;
				CLANG_CXX_LANGUAGE_STANDARD = "gnu++0x";
				CLANG_CXX_LIBRARY = "libc++";
				CLANG_ENABLE_MODULES = YES;
				CLANG_ENABLE_OBJC_ARC = YES;
				CLANG_WARN_BOOL_CONVERSION = YES;
				CLANG_WARN_CONSTANT_CONVERSION = YES;
				CLANG_WARN_DIRECT_OBJC_ISA_USAGE = YES_ERROR;
				CLANG_WARN_DOCUMENTATION_COMMENTS = YES;
				CLANG_WARN_EMPTY_BODY = YES;
				CLANG_WARN_ENUM_CONVERSION = YES;
				CLANG_WARN_INFINITE_RECURSION = YES;
				CLANG_WARN_INT_CONVERSION = YES;
				CLANG_WARN_OBJC_ROOT_CLASS = YES_ERROR;
				CLANG_WARN_SUSPICIOUS_MOVES = YES;
				CLANG_WARN_UNREACHABLE_CODE = YES;
				CLANG_WARN__DUPLICATE_METHOD_MATCH = YES;
				"CODE_SIGN_IDENTITY[sdk=iphoneos*]" = "iPhone Developer";
				COPY_PHASE_STRIP = NO;
				DEBUG_INFORMATION_FORMAT = dwarf;
				ENABLE_STRICT_OBJC_MSGSEND = YES;
				ENABLE_TESTABILITY = YES;
				GCC_C_LANGUAGE_STANDARD = gnu99;
				GCC_DYNAMIC_NO_PIC = NO;
				GCC_NO_COMMON_BLOCKS = YES;
				GCC_OPTIMIZATION_LEVEL = 0;
				GCC_PREPROCESSOR_DEFINITIONS = (
					"DEBUG=1",
					"$(inherited)",
				);
				GCC_WARN_64_TO_32_BIT_CONVERSION = YES;
				GCC_WARN_ABOUT_RETURN_TYPE = YES_ERROR;
				GCC_WARN_UNDECLARED_SELECTOR = YES;
				GCC_WARN_UNINITIALIZED_AUTOS = YES_AGGRESSIVE;
				GCC_WARN_UNUSED_FUNCTION = YES;
				GCC_WARN_UNUSED_VARIABLE = YES;
				IPHONEOS_DEPLOYMENT_TARGET = 10.1;
				MTL_ENABLE_DEBUG_INFO = YES;
				ONLY_ACTIVE_ARCH = YES;
				SDKROOT = iphoneos;
				SWIFT_ACTIVE_COMPILATION_CONDITIONS = DEBUG;
				SWIFT_OPTIMIZATION_LEVEL = "-Onone";
				TARGETED_DEVICE_FAMILY = "1,2";
			};
			name = Debug;
		};
		45BDDB4E1DFFD10100BA69FD /* Release */ = {
			isa = XCBuildConfiguration;
			buildSettings = {
				ALWAYS_SEARCH_USER_PATHS = NO;
				CLANG_ANALYZER_NONNULL = YES;
				CLANG_CXX_LANGUAGE_STANDARD = "gnu++0x";
				CLANG_CXX_LIBRARY = "libc++";
				CLANG_ENABLE_MODULES = YES;
				CLANG_ENABLE_OBJC_ARC = YES;
				CLANG_WARN_BOOL_CONVERSION = YES;
				CLANG_WARN_CONSTANT_CONVERSION = YES;
				CLANG_WARN_DIRECT_OBJC_ISA_USAGE = YES_ERROR;
				CLANG_WARN_DOCUMENTATION_COMMENTS = YES;
				CLANG_WARN_EMPTY_BODY = YES;
				CLANG_WARN_ENUM_CONVERSION = YES;
				CLANG_WARN_INFINITE_RECURSION = YES;
				CLANG_WARN_INT_CONVERSION = YES;
				CLANG_WARN_OBJC_ROOT_CLASS = YES_ERROR;
				CLANG_WARN_SUSPICIOUS_MOVES = YES;
				CLANG_WARN_UNREACHABLE_CODE = YES;
				CLANG_WARN__DUPLICATE_METHOD_MATCH = YES;
				"CODE_SIGN_IDENTITY[sdk=iphoneos*]" = "iPhone Developer";
				COPY_PHASE_STRIP = NO;
				DEBUG_INFORMATION_FORMAT = "dwarf-with-dsym";
				ENABLE_NS_ASSERTIONS = NO;
				ENABLE_STRICT_OBJC_MSGSEND = YES;
				GCC_C_LANGUAGE_STANDARD = gnu99;
				GCC_NO_COMMON_BLOCKS = YES;
				GCC_WARN_64_TO_32_BIT_CONVERSION = YES;
				GCC_WARN_ABOUT_RETURN_TYPE = YES_ERROR;
				GCC_WARN_UNDECLARED_SELECTOR = YES;
				GCC_WARN_UNINITIALIZED_AUTOS = YES_AGGRESSIVE;
				GCC_WARN_UNUSED_FUNCTION = YES;
				GCC_WARN_UNUSED_VARIABLE = YES;
				IPHONEOS_DEPLOYMENT_TARGET = 10.1;
				MTL_ENABLE_DEBUG_INFO = NO;
				SDKROOT = iphoneos;
				SWIFT_OPTIMIZATION_LEVEL = "-Owholemodule";
				TARGETED_DEVICE_FAMILY = "1,2";
				VALIDATE_PRODUCT = YES;
			};
			name = Release;
		};
		45BDDB501DFFD10100BA69FD /* Debug */ = {
			isa = XCBuildConfiguration;
			buildSettings = {
				ASSETCATALOG_COMPILER_APPICON_NAME = AppIcon;
				INFOPLIST_FILE = URLHomework/Info.plist;
				LD_RUNPATH_SEARCH_PATHS = "$(inherited) @executable_path/Frameworks";
				PRODUCT_BUNDLE_IDENTIFIER = com.pendev.URLHomework;
				PRODUCT_NAME = "$(TARGET_NAME)";
				SWIFT_VERSION = 3.0;
			};
			name = Debug;
		};
		45BDDB511DFFD10100BA69FD /* Release */ = {
			isa = XCBuildConfiguration;
			buildSettings = {
				ASSETCATALOG_COMPILER_APPICON_NAME = AppIcon;
				INFOPLIST_FILE = URLHomework/Info.plist;
				LD_RUNPATH_SEARCH_PATHS = "$(inherited) @executable_path/Frameworks";
				PRODUCT_BUNDLE_IDENTIFIER = com.pendev.URLHomework;
				PRODUCT_NAME = "$(TARGET_NAME)";
				SWIFT_VERSION = 3.0;
			};
			name = Release;
		};
/* End XCBuildConfiguration section */

/* Begin XCConfigurationList section */
		45BDDB381DFFD0FF00BA69FD /* Build configuration list for PBXProject "URLHomework" */ = {
			isa = XCConfigurationList;
			buildConfigurations = (
				45BDDB4D1DFFD10100BA69FD /* Debug */,
				45BDDB4E1DFFD10100BA69FD /* Release */,
			);
			defaultConfigurationIsVisible = 0;
			defaultConfigurationName = Release;
		};
		45BDDB4F1DFFD10100BA69FD /* Build configuration list for PBXNativeTarget "URLHomework" */ = {
			isa = XCConfigurationList;
			buildConfigurations = (
				45BDDB501DFFD10100BA69FD /* Debug */,
				45BDDB511DFFD10100BA69FD /* Release */,
			);
			defaultConfigurationIsVisible = 0;
		};
/* End XCConfigurationList section */
	};
	rootObject = 45BDDB351DFFD0FF00BA69FD /* Project object */;
}
